
Microsoft Visual Studio Solution File, Format Version 12.00
# Visual Studio Version 17
VisualStudioVersion = 17.0.31815.197
MinimumVisualStudioVersion = 10.0.40219.1
Project("{2150E333-8FDC-42A3-9474-1A3956D46DE8}") = "solution-files", "solution-files", "{555CAA02-7398-47B9-90EF-F5EA306AF0C0}"
	ProjectSection(SolutionItems) = preProject
		.releaserc = .releaserc
		Dockerfile = Dockerfile
		.drone\drone.yml = .drone\drone.yml
		package.json = package.json
	EndProjectSection
EndProject
Project("{FAE04EC0-301F-11D3-BF4B-00C04F79EFBC}") = "WebApp", "WebApp\WebApp.csproj", "{8D9708F0-11BB-48D1-859A-DA4248E904FC}"
EndProject
Project("{FAE04EC0-301F-11D3-BF4B-00C04F79EFBC}") = "WebappEdgeDriverTest", "WebAppEdgeDriverTest\WebappEdgeDriverTest.csproj", "{6B8BF2BF-EB3B-4B79-9F84-EF29B3B7AE68}"
EndProject
Project("{FAE04EC0-301F-11D3-BF4B-00C04F79EFBC}") = "WebAppTest", "WebAppTest\WebAppTest.csproj", "{740ED106-7EF1-4A64-B926-AA7B49DE0364}"
EndProject
Global
	GlobalSection(SolutionConfigurationPlatforms) = preSolution
		Debug|Any CPU = Debug|Any CPU
		Release|Any CPU = Release|Any CPU
	EndGlobalSection
	GlobalSection(ProjectConfigurationPlatforms) = postSolution
		{8D9708F0-11BB-48D1-859A-DA4248E904FC}.Debug|Any CPU.ActiveCfg = Debug|Any CPU
		{8D9708F0-11BB-48D1-859A-DA4248E904FC}.Debug|Any CPU.Build.0 = Debug|Any CPU
		{8D9708F0-11BB-48D1-859A-DA4248E904FC}.Release|Any CPU.ActiveCfg = Release|Any CPU
		{8D9708F0-11BB-48D1-859A-DA4248E904FC}.Release|Any CPU.Build.0 = Release|Any CPU
		{6B8BF2BF-EB3B-4B79-9F84-EF29B3B7AE68}.Debug|Any CPU.ActiveCfg = Debug|Any CPU
		{6B8BF2BF-EB3B-4B79-9F84-EF29B3B7AE68}.Debug|Any CPU.Build.0 = Debug|Any CPU
		{6B8BF2BF-EB3B-4B79-9F84-EF29B3B7AE68}.Release|Any CPU.ActiveCfg = Release|Any CPU
		{6B8BF2BF-EB3B-4B79-9F84-EF29B3B7AE68}.Release|Any CPU.Build.0 = Release|Any CPU
		{740ED106-7EF1-4A64-B926-AA7B49DE0364}.Debug|Any CPU.ActiveCfg = Debug|Any CPU
		{740ED106-7EF1-4A64-B926-AA7B49DE0364}.Debug|Any CPU.Build.0 = Debug|Any CPU
		{740ED106-7EF1-4A64-B926-AA7B49DE0364}.Release|Any CPU.ActiveCfg = Release|Any CPU
		{740ED106-7EF1-4A64-B926-AA7B49DE0364}.Release|Any CPU.Build.0 = Release|Any CPU
	EndGlobalSection
	GlobalSection(SolutionProperties) = preSolution
		HideSolutionNode = FALSE
	EndGlobalSection
	GlobalSection(ExtensibilityGlobals) = postSolution
		SolutionGuid = {845791B4-C0B4-4683-8822-5BCEB214CE14}
	EndGlobalSection
EndGlobal
